
Microsoft Visual Studio Solution File, Format Version 12.00
# Visual Studio Version 16
VisualStudioVersion = 16.0.30717.126
MinimumVisualStudioVersion = 10.0.40219.1
Project("{159641D6-6404-4A2A-AE62-294DE0FE8301}") = "Group12_Part2", "Group12_Part2.dtproj", "{06069ED8-B395-46A1-A97E-092F61EB6A60}"
EndProject
Global
	GlobalSection(SolutionConfigurationPlatforms) = preSolution
		Development|Default = Development|Default
	EndGlobalSection
	GlobalSection(ProjectConfigurationPlatforms) = postSolution
		{06069ED8-B395-46A1-A97E-092F61EB6A60}.Development|Default.ActiveCfg = Development
		{06069ED8-B395-46A1-A97E-092F61EB6A60}.Development|Default.Build.0 = Development
	EndGlobalSection
	GlobalSection(SolutionProperties) = preSolution
		HideSolutionNode = FALSE
	EndGlobalSection
	GlobalSection(ExtensibilityGlobals) = postSolution
		SolutionGuid = {A2298B8D-354A-4828-B124-58195307E371}
	EndGlobalSection
EndGlobal
